
Microsoft Visual Studio Solution File, Format Version 12.00
# Visual Studio Version 17
VisualStudioVersion = 17.3.32922.545
MinimumVisualStudioVersion = 10.0.40219.1
Project("{FAE04EC0-301F-11D3-BF4B-00C04F79EFBC}") = "todo", "todo\todo.csproj", "{AA6707BC-E891-44DD-B02A-17A3E6347272}"
EndProject
Global
	GlobalSection(SolutionConfigurationPlatforms) = preSolution
		Debug|Any CPU = Debug|Any CPU
		Release|Any CPU = Release|Any CPU
	EndGlobalSection
	GlobalSection(ProjectConfigurationPlatforms) = postSolution
		{AA6707BC-E891-44DD-B02A-17A3E6347272}.Debug|Any CPU.ActiveCfg = Debug|Any CPU
		{AA6707BC-E891-44DD-B02A-17A3E6347272}.Debug|Any CPU.Build.0 = Debug|Any CPU
		{AA6707BC-E891-44DD-B02A-17A3E6347272}.Release|Any CPU.ActiveCfg = Release|Any CPU
		{AA6707BC-E891-44DD-B02A-17A3E6347272}.Release|Any CPU.Build.0 = Release|Any CPU
	EndGlobalSection
	GlobalSection(SolutionProperties) = preSolution
		HideSolutionNode = FALSE
	EndGlobalSection
	GlobalSection(ExtensibilityGlobals) = postSolution
		SolutionGuid = {3AB799B7-E39C-4982-9A85-A10EAEDE55A7}
	EndGlobalSection
EndGlobal
